// !$*UTF8*$!
{
	archiveVersion = 1;
	classes = {
	};
	objectVersion = 56;
	objects = {

/* Begin PBXBuildFile section */
		99828A662B93007A005B9DAA /* AppDelegate.swift in Sources */ = {isa = PBXBuildFile; fileRef = 99828A652B93007A005B9DAA /* AppDelegate.swift */; };
		99828A682B93007A005B9DAA /* SceneDelegate.swift in Sources */ = {isa = PBXBuildFile; fileRef = 99828A672B93007A005B9DAA /* SceneDelegate.swift */; };
		99828A6D2B93007A005B9DAA /* Main.storyboard in Resources */ = {isa = PBXBuildFile; fileRef = 99828A6B2B93007A005B9DAA /* Main.storyboard */; };
		99828A6F2B93007D005B9DAA /* Assets.xcassets in Resources */ = {isa = PBXBuildFile; fileRef = 99828A6E2B93007D005B9DAA /* Assets.xcassets */; };
		99828A722B93007D005B9DAA /* LaunchScreen.storyboard in Resources */ = {isa = PBXBuildFile; fileRef = 99828A702B93007D005B9DAA /* LaunchScreen.storyboard */; };
		99828A7D2B93007E005B9DAA /* Scavenger_HuntTests.swift in Sources */ = {isa = PBXBuildFile; fileRef = 99828A7C2B93007E005B9DAA /* Scavenger_HuntTests.swift */; };
		99828A872B93007E005B9DAA /* Scavenger_HuntUITests.swift in Sources */ = {isa = PBXBuildFile; fileRef = 99828A862B93007E005B9DAA /* Scavenger_HuntUITests.swift */; };
		99828A892B93007E005B9DAA /* Scavenger_HuntUITestsLaunchTests.swift in Sources */ = {isa = PBXBuildFile; fileRef = 99828A882B93007E005B9DAA /* Scavenger_HuntUITestsLaunchTests.swift */; };
		99828A982B93025C005B9DAA /* ListView.swift in Sources */ = {isa = PBXBuildFile; fileRef = 99828A972B93025C005B9DAA /* ListView.swift */; };
		99828A9A2B93033A005B9DAA /* TaskDetailedView.swift in Sources */ = {isa = PBXBuildFile; fileRef = 99828A992B93033A005B9DAA /* TaskDetailedView.swift */; };
		99828A9C2B930B46005B9DAA /* ViewController.swift in Sources */ = {isa = PBXBuildFile; fileRef = 99828A9B2B930B46005B9DAA /* ViewController.swift */; };
/* End PBXBuildFile section */

/* Begin PBXContainerItemProxy section */
		99828A792B93007E005B9DAA /* PBXContainerItemProxy */ = {
			isa = PBXContainerItemProxy;
			containerPortal = 99828A5A2B93007A005B9DAA /* Project object */;
			proxyType = 1;
			remoteGlobalIDString = 99828A612B93007A005B9DAA;
			remoteInfo = "Scavenger-Hunt";
		};
		99828A832B93007E005B9DAA /* PBXContainerItemProxy */ = {
			isa = PBXContainerItemProxy;
			containerPortal = 99828A5A2B93007A005B9DAA /* Project object */;
			proxyType = 1;
			remoteGlobalIDString = 99828A612B93007A005B9DAA;
			remoteInfo = "Scavenger-Hunt";
		};
/* End PBXContainerItemProxy section */

/* Begin PBXFileReference section */
		99828A622B93007A005B9DAA /* Scavenger-Hunt.app */ = {isa = PBXFileReference; explicitFileType = wrapper.application; includeInIndex = 0; path = "Scavenger-Hunt.app"; sourceTree = BUILT_PRODUCTS_DIR; };
		99828A652B93007A005B9DAA /* AppDelegate.swift */ = {isa = PBXFileReference; lastKnownFileType = sourcecode.swift; path = AppDelegate.swift; sourceTree = "<group>"; };
		99828A672B93007A005B9DAA /* SceneDelegate.swift */ = {isa = PBXFileReference; lastKnownFileType = sourcecode.swift; path = SceneDelegate.swift; sourceTree = "<group>"; };
		99828A6C2B93007A005B9DAA /* Base */ = {isa = PBXFileReference; lastKnownFileType = file.storyboard; name = Base; path = Base.lproj/Main.storyboard; sourceTree = "<group>"; };
		99828A6E2B93007D005B9DAA /* Assets.xcassets */ = {isa = PBXFileReference; lastKnownFileType = folder.assetcatalog; path = Assets.xcassets; sourceTree = "<group>"; };
		99828A712B93007D005B9DAA /* Base */ = {isa = PBXFileReference; lastKnownFileType = file.storyboard; name = Base; path = Base.lproj/LaunchScreen.storyboard; sourceTree = "<group>"; };
		99828A732B93007D005B9DAA /* Info.plist */ = {isa = PBXFileReference; lastKnownFileType = text.plist.xml; path = Info.plist; sourceTree = "<group>"; };
		99828A782B93007E005B9DAA /* Scavenger-HuntTests.xctest */ = {isa = PBXFileReference; explicitFileType = wrapper.cfbundle; includeInIndex = 0; path = "Scavenger-HuntTests.xctest"; sourceTree = BUILT_PRODUCTS_DIR; };
		99828A7C2B93007E005B9DAA /* Scavenger_HuntTests.swift */ = {isa = PBXFileReference; lastKnownFileType = sourcecode.swift; path = Scavenger_HuntTests.swift; sourceTree = "<group>"; };
		99828A822B93007E005B9DAA /* Scavenger-HuntUITests.xctest */ = {isa = PBXFileReference; explicitFileType = wrapper.cfbundle; includeInIndex = 0; path = "Scavenger-HuntUITests.xctest"; sourceTree = BUILT_PRODUCTS_DIR; };
		99828A862B93007E005B9DAA /* Scavenger_HuntUITests.swift */ = {isa = PBXFileReference; lastKnownFileType = sourcecode.swift; path = Scavenger_HuntUITests.swift; sourceTree = "<group>"; };
		99828A882B93007E005B9DAA /* Scavenger_HuntUITestsLaunchTests.swift */ = {isa = PBXFileReference; lastKnownFileType = sourcecode.swift; path = Scavenger_HuntUITestsLaunchTests.swift; sourceTree = "<group>"; };
		99828A972B93025C005B9DAA /* ListView.swift */ = {isa = PBXFileReference; lastKnownFileType = sourcecode.swift; path = ListView.swift; sourceTree = "<group>"; };
		99828A992B93033A005B9DAA /* TaskDetailedView.swift */ = {isa = PBXFileReference; lastKnownFileType = sourcecode.swift; path = TaskDetailedView.swift; sourceTree = "<group>"; };
		99828A9B2B930B46005B9DAA /* ViewController.swift */ = {isa = PBXFileReference; lastKnownFileType = sourcecode.swift; path = ViewController.swift; sourceTree = "<group>"; };
/* End PBXFileReference section */

/* Begin PBXFrameworksBuildPhase section */
		99828A5F2B93007A005B9DAA /* Frameworks */ = {
			isa = PBXFrameworksBuildPhase;
			buildActionMask = 2147483647;
			files = (
			);
			runOnlyForDeploymentPostprocessing = 0;
		};
		99828A752B93007E005B9DAA /* Frameworks */ = {
			isa = PBXFrameworksBuildPhase;
			buildActionMask = 2147483647;
			files = (
			);
			runOnlyForDeploymentPostprocessing = 0;
		};
		99828A7F2B93007E005B9DAA /* Frameworks */ = {
			isa = PBXFrameworksBuildPhase;
			buildActionMask = 2147483647;
			files = (
			);
			runOnlyForDeploymentPostprocessing = 0;
		};
/* End PBXFrameworksBuildPhase section */

/* Begin PBXGroup section */
		99828A592B93007A005B9DAA = {
			isa = PBXGroup;
			children = (
				99828A642B93007A005B9DAA /* Scavenger-Hunt */,
				99828A7B2B93007E005B9DAA /* Scavenger-HuntTests */,
				99828A852B93007E005B9DAA /* Scavenger-HuntUITests */,
				99828A632B93007A005B9DAA /* Products */,
			);
			sourceTree = "<group>";
		};
		99828A632B93007A005B9DAA /* Products */ = {
			isa = PBXGroup;
			children = (
				99828A622B93007A005B9DAA /* Scavenger-Hunt.app */,
				99828A782B93007E005B9DAA /* Scavenger-HuntTests.xctest */,
				99828A822B93007E005B9DAA /* Scavenger-HuntUITests.xctest */,
			);
			name = Products;
			sourceTree = "<group>";
		};
		99828A642B93007A005B9DAA /* Scavenger-Hunt */ = {
			isa = PBXGroup;
			children = (
				99828A652B93007A005B9DAA /* AppDelegate.swift */,
				99828A672B93007A005B9DAA /* SceneDelegate.swift */,
				99828A6B2B93007A005B9DAA /* Main.storyboard */,
				99828A6E2B93007D005B9DAA /* Assets.xcassets */,
				99828A702B93007D005B9DAA /* LaunchScreen.storyboard */,
				99828A732B93007D005B9DAA /* Info.plist */,
				99828A972B93025C005B9DAA /* ListView.swift */,
				99828A992B93033A005B9DAA /* TaskDetailedView.swift */,
				99828A9B2B930B46005B9DAA /* ViewController.swift */,
			);
			path = "Scavenger-Hunt";
			sourceTree = "<group>";
		};
		99828A7B2B93007E005B9DAA /* Scavenger-HuntTests */ = {
			isa = PBXGroup;
			children = (
				99828A7C2B93007E005B9DAA /* Scavenger_HuntTests.swift */,
			);
			path = "Scavenger-HuntTests";
			sourceTree = "<group>";
		};
		99828A852B93007E005B9DAA /* Scavenger-HuntUITests */ = {
			isa = PBXGroup;
			children = (
				99828A862B93007E005B9DAA /* Scavenger_HuntUITests.swift */,
				99828A882B93007E005B9DAA /* Scavenger_HuntUITestsLaunchTests.swift */,
			);
			path = "Scavenger-HuntUITests";
			sourceTree = "<group>";
		};
/* End PBXGroup section */

/* Begin PBXNativeTarget section */
		99828A612B93007A005B9DAA /* Scavenger-Hunt */ = {
			isa = PBXNativeTarget;
			buildConfigurationList = 99828A8C2B93007E005B9DAA /* Build configuration list for PBXNativeTarget "Scavenger-Hunt" */;
			buildPhases = (
				99828A5E2B93007A005B9DAA /* Sources */,
				99828A5F2B93007A005B9DAA /* Frameworks */,
				99828A602B93007A005B9DAA /* Resources */,
			);
			buildRules = (
			);
			dependencies = (
			);
			name = "Scavenger-Hunt";
			productName = "Scavenger-Hunt";
			productReference = 99828A622B93007A005B9DAA /* Scavenger-Hunt.app */;
			productType = "com.apple.product-type.application";
		};
		99828A772B93007E005B9DAA /* Scavenger-HuntTests */ = {
			isa = PBXNativeTarget;
			buildConfigurationList = 99828A8F2B93007E005B9DAA /* Build configuration list for PBXNativeTarget "Scavenger-HuntTests" */;
			buildPhases = (
				99828A742B93007E005B9DAA /* Sources */,
				99828A752B93007E005B9DAA /* Frameworks */,
				99828A762B93007E005B9DAA /* Resources */,
			);
			buildRules = (
			);
			dependencies = (
				99828A7A2B93007E005B9DAA /* PBXTargetDependency */,
			);
			name = "Scavenger-HuntTests";
			productName = "Scavenger-HuntTests";
			productReference = 99828A782B93007E005B9DAA /* Scavenger-HuntTests.xctest */;
			productType = "com.apple.product-type.bundle.unit-test";
		};
		99828A812B93007E005B9DAA /* Scavenger-HuntUITests */ = {
			isa = PBXNativeTarget;
			buildConfigurationList = 99828A922B93007E005B9DAA /* Build configuration list for PBXNativeTarget "Scavenger-HuntUITests" */;
			buildPhases = (
				99828A7E2B93007E005B9DAA /* Sources */,
				99828A7F2B93007E005B9DAA /* Frameworks */,
				99828A802B93007E005B9DAA /* Resources */,
			);
			buildRules = (
			);
			dependencies = (
				99828A842B93007E005B9DAA /* PBXTargetDependency */,
			);
			name = "Scavenger-HuntUITests";
			productName = "Scavenger-HuntUITests";
			productReference = 99828A822B93007E005B9DAA /* Scavenger-HuntUITests.xctest */;
			productType = "com.apple.product-type.bundle.ui-testing";
		};
/* End PBXNativeTarget section */

/* Begin PBXProject section */
		99828A5A2B93007A005B9DAA /* Project object */ = {
			isa = PBXProject;
			attributes = {
				BuildIndependentTargetsInParallel = 1;
				LastSwiftUpdateCheck = 1520;
				LastUpgradeCheck = 1520;
				TargetAttributes = {
					99828A612B93007A005B9DAA = {
						CreatedOnToolsVersion = 15.2;
					};
					99828A772B93007E005B9DAA = {
						CreatedOnToolsVersion = 15.2;
						TestTargetID = 99828A612B93007A005B9DAA;
					};
					99828A812B93007E005B9DAA = {
						CreatedOnToolsVersion = 15.2;
						TestTargetID = 99828A612B93007A005B9DAA;
					};
				};
			};
			buildConfigurationList = 99828A5D2B93007A005B9DAA /* Build configuration list for PBXProject "Scavenger-Hunt" */;
			compatibilityVersion = "Xcode 14.0";
			developmentRegion = en;
			hasScannedForEncodings = 0;
			knownRegions = (
				en,
				Base,
			);
			mainGroup = 99828A592B93007A005B9DAA;
			productRefGroup = 99828A632B93007A005B9DAA /* Products */;
			projectDirPath = "";
			projectRoot = "";
			targets = (
				99828A612B93007A005B9DAA /* Scavenger-Hunt */,
				99828A772B93007E005B9DAA /* Scavenger-HuntTests */,
				99828A812B93007E005B9DAA /* Scavenger-HuntUITests */,
			);
		};
/* End PBXProject section */

/* Begin PBXResourcesBuildPhase section */
		99828A602B93007A005B9DAA /* Resources */ = {
			isa = PBXResourcesBuildPhase;
			buildActionMask = 2147483647;
			files = (
				99828A722B93007D005B9DAA /* LaunchScreen.storyboard in Resources */,
				99828A6F2B93007D005B9DAA /* Assets.xcassets in Resources */,
				99828A6D2B93007A005B9DAA /* Main.storyboard in Resources */,
			);
			runOnlyForDeploymentPostprocessing = 0;
		};
		99828A762B93007E005B9DAA /* Resources */ = {
			isa = PBXResourcesBuildPhase;
			buildActionMask = 2147483647;
			files = (
			);
			runOnlyForDeploymentPostprocessing = 0;
		};
		99828A802B93007E005B9DAA /* Resources */ = {
			isa = PBXResourcesBuildPhase;
			buildActionMask = 2147483647;
			files = (
			);
			runOnlyForDeploymentPostprocessing = 0;
		};
/* End PBXResourcesBuildPhase section */

/* Begin PBXSourcesBuildPhase section */
		99828A5E2B93007A005B9DAA /* Sources */ = {
			isa = PBXSourcesBuildPhase;
			buildActionMask = 2147483647;
			files = (
				99828A9C2B930B46005B9DAA /* ViewController.swift in Sources */,
				99828A982B93025C005B9DAA /* ListView.swift in Sources */,
				99828A9A2B93033A005B9DAA /* TaskDetailedView.swift in Sources */,
				99828A662B93007A005B9DAA /* AppDelegate.swift in Sources */,
				99828A682B93007A005B9DAA /* SceneDelegate.swift in Sources */,
			);
			runOnlyForDeploymentPostprocessing = 0;
		};
		99828A742B93007E005B9DAA /* Sources */ = {
			isa = PBXSourcesBuildPhase;
			buildActionMask = 2147483647;
			files = (
				99828A7D2B93007E005B9DAA /* Scavenger_HuntTests.swift in Sources */,
			);
			runOnlyForDeploymentPostprocessing = 0;
		};
		99828A7E2B93007E005B9DAA /* Sources */ = {
			isa = PBXSourcesBuildPhase;
			buildActionMask = 2147483647;
			files = (
				99828A892B93007E005B9DAA /* Scavenger_HuntUITestsLaunchTests.swift in Sources */,
				99828A872B93007E005B9DAA /* Scavenger_HuntUITests.swift in Sources */,
			);
			runOnlyForDeploymentPostprocessing = 0;
		};
/* End PBXSourcesBuildPhase section */

/* Begin PBXTargetDependency section */
		99828A7A2B93007E005B9DAA /* PBXTargetDependency */ = {
			isa = PBXTargetDependency;
			target = 99828A612B93007A005B9DAA /* Scavenger-Hunt */;
			targetProxy = 99828A792B93007E005B9DAA /* PBXContainerItemProxy */;
		};
		99828A842B93007E005B9DAA /* PBXTargetDependency */ = {
			isa = PBXTargetDependency;
			target = 99828A612B93007A005B9DAA /* Scavenger-Hunt */;
			targetProxy = 99828A832B93007E005B9DAA /* PBXContainerItemProxy */;
		};
/* End PBXTargetDependency section */

/* Begin PBXVariantGroup section */
		99828A6B2B93007A005B9DAA /* Main.storyboard */ = {
			isa = PBXVariantGroup;
			children = (
				99828A6C2B93007A005B9DAA /* Base */,
			);
			name = Main.storyboard;
			sourceTree = "<group>";
		};
		99828A702B93007D005B9DAA /* LaunchScreen.storyboard */ = {
			isa = PBXVariantGroup;
			children = (
				99828A712B93007D005B9DAA /* Base */,
			);
			name = LaunchScreen.storyboard;
			sourceTree = "<group>";
		};
/* End PBXVariantGroup section */

/* Begin XCBuildConfiguration section */
		99828A8A2B93007E005B9DAA /* Debug */ = {
			isa = XCBuildConfiguration;
			buildSettings = {
				ALWAYS_SEARCH_USER_PATHS = NO;
				ASSETCATALOG_COMPILER_GENERATE_SWIFT_ASSET_SYMBOL_EXTENSIONS = YES;
				CLANG_ANALYZER_NONNULL = YES;
				CLANG_ANALYZER_NUMBER_OBJECT_CONVERSION = YES_AGGRESSIVE;
				CLANG_CXX_LANGUAGE_STANDARD = "gnu++20";
				CLANG_ENABLE_MODULES = YES;
				CLANG_ENABLE_OBJC_ARC = YES;
				CLANG_ENABLE_OBJC_WEAK = YES;
				CLANG_WARN_BLOCK_CAPTURE_AUTORELEASING = YES;
				CLANG_WARN_BOOL_CONVERSION = YES;
				CLANG_WARN_COMMA = YES;
				CLANG_WARN_CONSTANT_CONVERSION = YES;
				CLANG_WARN_DEPRECATED_OBJC_IMPLEMENTATIONS = YES;
				CLANG_WARN_DIRECT_OBJC_ISA_USAGE = YES_ERROR;
				CLANG_WARN_DOCUMENTATION_COMMENTS = YES;
				CLANG_WARN_EMPTY_BODY = YES;
				CLANG_WARN_ENUM_CONVERSION = YES;
				CLANG_WARN_INFINITE_RECURSION = YES;
				CLANG_WARN_INT_CONVERSION = YES;
				CLANG_WARN_NON_LITERAL_NULL_CONVERSION = YES;
				CLANG_WARN_OBJC_IMPLICIT_RETAIN_SELF = YES;
				CLANG_WARN_OBJC_LITERAL_CONVERSION = YES;
				CLANG_WARN_OBJC_ROOT_CLASS = YES_ERROR;
				CLANG_WARN_QUOTED_INCLUDE_IN_FRAMEWORK_HEADER = YES;
				CLANG_WARN_RANGE_LOOP_ANALYSIS = YES;
				CLANG_WARN_STRICT_PROTOTYPES = YES;
				CLANG_WARN_SUSPICIOUS_MOVE = YES;
				CLANG_WARN_UNGUARDED_AVAILABILITY = YES_AGGRESSIVE;
				CLANG_WARN_UNREACHABLE_CODE = YES;
				CLANG_WARN__DUPLICATE_METHOD_MATCH = YES;
				COPY_PHASE_STRIP = NO;
				DEBUG_INFORMATION_FORMAT = dwarf;
				ENABLE_STRICT_OBJC_MSGSEND = YES;
				ENABLE_TESTABILITY = YES;
				ENABLE_USER_SCRIPT_SANDBOXING = YES;
				GCC_C_LANGUAGE_STANDARD = gnu17;
				GCC_DYNAMIC_NO_PIC = NO;
				GCC_NO_COMMON_BLOCKS = YES;
				GCC_OPTIMIZATION_LEVEL = 0;
				GCC_PREPROCESSOR_DEFINITIONS = (
					"DEBUG=1",
					"$(inherited)",
				);
				GCC_WARN_64_TO_32_BIT_CONVERSION = YES;
				GCC_WARN_ABOUT_RETURN_TYPE = YES_ERROR;
				GCC_WARN_UNDECLARED_SELECTOR = YES;
				GCC_WARN_UNINITIALIZED_AUTOS = YES_AGGRESSIVE;
				GCC_WARN_UNUSED_FUNCTION = YES;
				GCC_WARN_UNUSED_VARIABLE = YES;
				IPHONEOS_DEPLOYMENT_TARGET = 17.2;
				LOCALIZATION_PREFERS_STRING_CATALOGS = YES;
				MTL_ENABLE_DEBUG_INFO = INCLUDE_SOURCE;
				MTL_FAST_MATH = YES;
				ONLY_ACTIVE_ARCH = YES;
				SDKROOT = iphoneos;
				SWIFT_ACTIVE_COMPILATION_CONDITIONS = "DEBUG $(inherited)";
				SWIFT_OPTIMIZATION_LEVEL = "-Onone";
			};
			name = Debug;
		};
		99828A8B2B93007E005B9DAA /* Release */ = {
			isa = XCBuildConfiguration;
			buildSettings = {
				ALWAYS_SEARCH_USER_PATHS = NO;
				ASSETCATALOG_COMPILER_GENERATE_SWIFT_ASSET_SYMBOL_EXTENSIONS = YES;
				CLANG_ANALYZER_NONNULL = YES;
				CLANG_ANALYZER_NUMBER_OBJECT_CONVERSION = YES_AGGRESSIVE;
				CLANG_CXX_LANGUAGE_STANDARD = "gnu++20";
				CLANG_ENABLE_MODULES = YES;
				CLANG_ENABLE_OBJC_ARC = YES;
				CLANG_ENABLE_OBJC_WEAK = YES;
				CLANG_WARN_BLOCK_CAPTURE_AUTORELEASING = YES;
				CLANG_WARN_BOOL_CONVERSION = YES;
				CLANG_WARN_COMMA = YES;
				CLANG_WARN_CONSTANT_CONVERSION = YES;
				CLANG_WARN_DEPRECATED_OBJC_IMPLEMENTATIONS = YES;
				CLANG_WARN_DIRECT_OBJC_ISA_USAGE = YES_ERROR;
				CLANG_WARN_DOCUMENTATION_COMMENTS = YES;
				CLANG_WARN_EMPTY_BODY = YES;
				CLANG_WARN_ENUM_CONVERSION = YES;
				CLANG_WARN_INFINITE_RECURSION = YES;
				CLANG_WARN_INT_CONVERSION = YES;
				CLANG_WARN_NON_LITERAL_NULL_CONVERSION = YES;
				CLANG_WARN_OBJC_IMPLICIT_RETAIN_SELF = YES;
				CLANG_WARN_OBJC_LITERAL_CONVERSION = YES;
				CLANG_WARN_OBJC_ROOT_CLASS = YES_ERROR;
				CLANG_WARN_QUOTED_INCLUDE_IN_FRAMEWORK_HEADER = YES;
				CLANG_WARN_RANGE_LOOP_ANALYSIS = YES;
				CLANG_WARN_STRICT_PROTOTYPES = YES;
				CLANG_WARN_SUSPICIOUS_MOVE = YES;
				CLANG_WARN_UNGUARDED_AVAILABILITY = YES_AGGRESSIVE;
				CLANG_WARN_UNREACHABLE_CODE = YES;
				CLANG_WARN__DUPLICATE_METHOD_MATCH = YES;
				COPY_PHASE_STRIP = NO;
				DEBUG_INFORMATION_FORMAT = "dwarf-with-dsym";
				ENABLE_NS_ASSERTIONS = NO;
				ENABLE_STRICT_OBJC_MSGSEND = YES;
				ENABLE_USER_SCRIPT_SANDBOXING = YES;
				GCC_C_LANGUAGE_STANDARD = gnu17;
				GCC_NO_COMMON_BLOCKS = YES;
				GCC_WARN_64_TO_32_BIT_CONVERSION = YES;
				GCC_WARN_ABOUT_RETURN_TYPE = YES_ERROR;
				GCC_WARN_UNDECLARED_SELECTOR = YES;
				GCC_WARN_UNINITIALIZED_AUTOS = YES_AGGRESSIVE;
				GCC_WARN_UNUSED_FUNCTION = YES;
				GCC_WARN_UNUSED_VARIABLE = YES;
				IPHONEOS_DEPLOYMENT_TARGET = 17.2;
				LOCALIZATION_PREFERS_STRING_CATALOGS = YES;
				MTL_ENABLE_DEBUG_INFO = NO;
				MTL_FAST_MATH = YES;
				SDKROOT = iphoneos;
				SWIFT_COMPILATION_MODE = wholemodule;
				VALIDATE_PRODUCT = YES;
			};
			name = Release;
		};
		99828A8D2B93007E005B9DAA /* Debug */ = {
			isa = XCBuildConfiguration;
			buildSettings = {
				ASSETCATALOG_COMPILER_APPICON_NAME = AppIcon;
				ASSETCATALOG_COMPILER_GLOBAL_ACCENT_COLOR_NAME = AccentColor;
				CODE_SIGN_STYLE = Automatic;
				CURRENT_PROJECT_VERSION = 1;
				GENERATE_INFOPLIST_FILE = YES;
				INFOPLIST_FILE = "Scavenger-Hunt/Info.plist";
				INFOPLIST_KEY_UIApplicationSupportsIndirectInputEvents = YES;
				INFOPLIST_KEY_UILaunchStoryboardName = LaunchScreen;
				INFOPLIST_KEY_UIMainStoryboardFile = Main;
				INFOPLIST_KEY_UISupportedInterfaceOrientations_iPad = "UIInterfaceOrientationPortrait UIInterfaceOrientationPortraitUpsideDown UIInterfaceOrientationLandscapeLeft UIInterfaceOrientationLandscapeRight";
				INFOPLIST_KEY_UISupportedInterfaceOrientations_iPhone = "UIInterfaceOrientationPortrait UIInterfaceOrientationLandscapeLeft UIInterfaceOrientationLandscapeRight";
				LD_RUNPATH_SEARCH_PATHS = (
					"$(inherited)",
					"@executable_path/Frameworks",
				);
				MARKETING_VERSION = 1.0;
				PRODUCT_BUNDLE_IDENTIFIER = "WilliamSosropartono.Scavenger-Hunt";
				PRODUCT_NAME = "$(TARGET_NAME)";
				SWIFT_EMIT_LOC_STRINGS = YES;
				SWIFT_VERSION = 5.0;
				TARGETED_DEVICE_FAMILY = "1,2";
			};
			name = Debug;
		};
		99828A8E2B93007E005B9DAA /* Release */ = {
			isa = XCBuildConfiguration;
			buildSettings = {
				ASSETCATALOG_COMPILER_APPICON_NAME = AppIcon;
				ASSETCATALOG_COMPILER_GLOBAL_ACCENT_COLOR_NAME = AccentColor;
				CODE_SIGN_STYLE = Automatic;
				CURRENT_PROJECT_VERSION = 1;
				GENERATE_INFOPLIST_FILE = YES;
				INFOPLIST_FILE = "Scavenger-Hunt/Info.plist";
				INFOPLIST_KEY_UIApplicationSupportsIndirectInputEvents = YES;
				INFOPLIST_KEY_UILaunchStoryboardName = LaunchScreen;
				INFOPLIST_KEY_UIMainStoryboardFile = Main;
				INFOPLIST_KEY_UISupportedInterfaceOrientations_iPad = "UIInterfaceOrientationPortrait UIInterfaceOrientationPortraitUpsideDown UIInterfaceOrientationLandscapeLeft UIInterfaceOrientationLandscapeRight";
				INFOPLIST_KEY_UISupportedInterfaceOrientations_iPhone = "UIInterfaceOrientationPortrait UIInterfaceOrientationLandscapeLeft UIInterfaceOrientationLandscapeRight";
				LD_RUNPATH_SEARCH_PATHS = (
					"$(inherited)",
					"@executable_path/Frameworks",
				);
				MARKETING_VERSION = 1.0;
				PRODUCT_BUNDLE_IDENTIFIER = "WilliamSosropartono.Scavenger-Hunt";
				PRODUCT_NAME = "$(TARGET_NAME)";
				SWIFT_EMIT_LOC_STRINGS = YES;
				SWIFT_VERSION = 5.0;
				TARGETED_DEVICE_FAMILY = "1,2";
			};
			name = Release;
		};
		99828A902B93007E005B9DAA /* Debug */ = {
			isa = XCBuildConfiguration;
			buildSettings = {
				ALWAYS_EMBED_SWIFT_STANDARD_LIBRARIES = YES;
				BUNDLE_LOADER = "$(TEST_HOST)";
				CODE_SIGN_STYLE = Automatic;
				CURRENT_PROJECT_VERSION = 1;
				GENERATE_INFOPLIST_FILE = YES;
				IPHONEOS_DEPLOYMENT_TARGET = 17.2;
				MARKETING_VERSION = 1.0;
				PRODUCT_BUNDLE_IDENTIFIER = "WilliamSosropartono.Scavenger-HuntTests";
				PRODUCT_NAME = "$(TARGET_NAME)";
				SWIFT_EMIT_LOC_STRINGS = NO;
				SWIFT_VERSION = 5.0;
				TARGETED_DEVICE_FAMILY = "1,2";
				TEST_HOST = "$(BUILT_PRODUCTS_DIR)/Scavenger-Hunt.app/$(BUNDLE_EXECUTABLE_FOLDER_PATH)/Scavenger-Hunt";
			};
			name = Debug;
		};
		99828A912B93007E005B9DAA /* Release */ = {
			isa = XCBuildConfiguration;
			buildSettings = {
				ALWAYS_EMBED_SWIFT_STANDARD_LIBRARIES = YES;
				BUNDLE_LOADER = "$(TEST_HOST)";
				CODE_SIGN_STYLE = Automatic;
				CURRENT_PROJECT_VERSION = 1;
				GENERATE_INFOPLIST_FILE = YES;
				IPHONEOS_DEPLOYMENT_TARGET = 17.2;
				MARKETING_VERSION = 1.0;
				PRODUCT_BUNDLE_IDENTIFIER = "WilliamSosropartono.Scavenger-HuntTests";
				PRODUCT_NAME = "$(TARGET_NAME)";
				SWIFT_EMIT_LOC_STRINGS = NO;
				SWIFT_VERSION = 5.0;
				TARGETED_DEVICE_FAMILY = "1,2";
				TEST_HOST = "$(BUILT_PRODUCTS_DIR)/Scavenger-Hunt.app/$(BUNDLE_EXECUTABLE_FOLDER_PATH)/Scavenger-Hunt";
			};
			name = Release;
		};
		99828A932B93007E005B9DAA /* Debug */ = {
			isa = XCBuildConfiguration;
			buildSettings = {
				ALWAYS_EMBED_SWIFT_STANDARD_LIBRARIES = YES;
				CODE_SIGN_STYLE = Automatic;
				CURRENT_PROJECT_VERSION = 1;
				GENERATE_INFOPLIST_FILE = YES;
				MARKETING_VERSION = 1.0;
				PRODUCT_BUNDLE_IDENTIFIER = "WilliamSosropartono.Scavenger-HuntUITests";
				PRODUCT_NAME = "$(TARGET_NAME)";
				SWIFT_EMIT_LOC_STRINGS = NO;
				SWIFT_VERSION = 5.0;
				TARGETED_DEVICE_FAMILY = "1,2";
				TEST_TARGET_NAME = "Scavenger-Hunt";
			};
			name = Debug;
		};
		99828A942B93007E005B9DAA /* Release */ = {
			isa = XCBuildConfiguration;
			buildSettings = {
				ALWAYS_EMBED_SWIFT_STANDARD_LIBRARIES = YES;
				CODE_SIGN_STYLE = Automatic;
				CURRENT_PROJECT_VERSION = 1;
				GENERATE_INFOPLIST_FILE = YES;
				MARKETING_VERSION = 1.0;
				PRODUCT_BUNDLE_IDENTIFIER = "WilliamSosropartono.Scavenger-HuntUITests";
				PRODUCT_NAME = "$(TARGET_NAME)";
				SWIFT_EMIT_LOC_STRINGS = NO;
				SWIFT_VERSION = 5.0;
				TARGETED_DEVICE_FAMILY = "1,2";
				TEST_TARGET_NAME = "Scavenger-Hunt";
			};
			name = Release;
		};
/* End XCBuildConfiguration section */

/* Begin XCConfigurationList section */
		99828A5D2B93007A005B9DAA /* Build configuration list for PBXProject "Scavenger-Hunt" */ = {
			isa = XCConfigurationList;
			buildConfigurations = (
				99828A8A2B93007E005B9DAA /* Debug */,
				99828A8B2B93007E005B9DAA /* Release */,
			);
			defaultConfigurationIsVisible = 0;
			defaultConfigurationName = Release;
		};
		99828A8C2B93007E005B9DAA /* Build configuration list for PBXNativeTarget "Scavenger-Hunt" */ = {
			isa = XCConfigurationList;
			buildConfigurations = (
				99828A8D2B93007E005B9DAA /* Debug */,
				99828A8E2B93007E005B9DAA /* Release */,
			);
			defaultConfigurationIsVisible = 0;
			defaultConfigurationName = Release;
		};
		99828A8F2B93007E005B9DAA /* Build configuration list for PBXNativeTarget "Scavenger-HuntTests" */ = {
			isa = XCConfigurationList;
			buildConfigurations = (
				99828A902B93007E005B9DAA /* Debug */,
				99828A912B93007E005B9DAA /* Release */,
			);
			defaultConfigurationIsVisible = 0;
			defaultConfigurationName = Release;
		};
		99828A922B93007E005B9DAA /* Build configuration list for PBXNativeTarget "Scavenger-HuntUITests" */ = {
			isa = XCConfigurationList;
			buildConfigurations = (
				99828A932B93007E005B9DAA /* Debug */,
				99828A942B93007E005B9DAA /* Release */,
			);
			defaultConfigurationIsVisible = 0;
			defaultConfigurationName = Release;
		};
/* End XCConfigurationList section */
	};
	rootObject = 99828A5A2B93007A005B9DAA /* Project object */;
}
